
Microsoft Visual Studio Solution File, Format Version 12.00
# Visual Studio Version 17
VisualStudioVersion = 17.7.34009.444
MinimumVisualStudioVersion = 10.0.40219.1
Project("{FAE04EC0-301F-11D3-BF4B-00C04F79EFBC}") = "comonEls", "comonEls\comonEls.csproj", "{5CF45EA2-FD63-49FF-970D-A04460558CAA}"
EndProject
Global
	GlobalSection(SolutionConfigurationPlatforms) = preSolution
		Debug|Any CPU = Debug|Any CPU
		Release|Any CPU = Release|Any CPU
	EndGlobalSection
	GlobalSection(ProjectConfigurationPlatforms) = postSolution
		{5CF45EA2-FD63-49FF-970D-A04460558CAA}.Debug|Any CPU.ActiveCfg = Debug|Any CPU
		{5CF45EA2-FD63-49FF-970D-A04460558CAA}.Debug|Any CPU.Build.0 = Debug|Any CPU
		{5CF45EA2-FD63-49FF-970D-A04460558CAA}.Release|Any CPU.ActiveCfg = Release|Any CPU
		{5CF45EA2-FD63-49FF-970D-A04460558CAA}.Release|Any CPU.Build.0 = Release|Any CPU
	EndGlobalSection
	GlobalSection(SolutionProperties) = preSolution
		HideSolutionNode = FALSE
	EndGlobalSection
	GlobalSection(ExtensibilityGlobals) = postSolution
		SolutionGuid = {23BD3BF3-7E28-4194-9EBE-999670A6E09C}
	EndGlobalSection
EndGlobal
